{
  "nodes": {
    "blueprint": {
      "inputs": {
        "nixpkgs": [
          "llm-agents",
          "nixpkgs"
        ],
        "systems": [
          "llm-agents",
          "systems"
        ]
      },
      "locked": {
        "lastModified": 1776249299,
        "narHash": "sha256-Dt9t1TGRmJFc0xVYhttNBD6QsAgHOHCArqGa0AyjrJY=",
        "owner": "numtide",
        "repo": "blueprint",
        "rev": "56131e8628f173d24a27f6d27c0215eff57e40dd",
        "type": "github"
      },
      "original": {
        "owner": "numtide",
        "repo": "blueprint",
        "type": "github"
      }
    },
    "bun2nix": {
      "inputs": {
        "flake-parts": [
          "llm-agents",
          "flake-parts"
        ],
        "import-tree": "import-tree",
        "nixpkgs": [
          "llm-agents",
          "nixpkgs"
        ],
        "systems": [
          "llm-agents",
          "systems"
        ],
        "treefmt-nix": [
          "llm-agents",
          "treefmt-nix"
        ]
      },
      "locked": {
        "lastModified": 1776182890,
        "narHash": "sha256-+/VOe8XGq5klpU+I19D+3TcaR7o+Cwbq67KNF7mcFak=",
        "owner": "Mic92",
        "repo": "bun2nix",
        "rev": "648d293c51e981aec9cb07ba4268bc19e7a8c575",
        "type": "github"
      },
      "original": {
        "owner": "Mic92",
        "ref": "catalog-support",
        "repo": "bun2nix",
        "type": "github"
      }
    },
    "flake-parts": {
      "inputs": {
        "nixpkgs-lib": [
          "llm-agents",
          "nixpkgs"
        ]
      },
      "locked": {
        "lastModified": 1775087534,
        "narHash": "sha256-91qqW8lhL7TLwgQWijoGBbiD4t7/q75KTi8NxjVmSmA=",
        "owner": "hercules-ci",
        "repo": "flake-parts",
        "rev": "3107b77cd68437b9a76194f0f7f9c55f2329ca5b",
        "type": "github"
      },
      "original": {
        "owner": "hercules-ci",
        "repo": "flake-parts",
        "type": "github"
      }
    },
    "home-manager": {
      "inputs": {
        "nixpkgs": [
          "nixpkgs"
        ]
      },
      "locked": {
        "lastModified": 1776904464,
        "narHash": "sha256-sBUCj7/4d3Hoevpu3oQp8ccJNA1EDeVmFi1F8O6VJro=",
        "owner": "nix-community",
        "repo": "home-manager",
        "rev": "667b3c47325441e6a444faaf405bba76ec70338a",
        "type": "github"
      },
      "original": {
        "owner": "nix-community",
        "repo": "home-manager",
        "type": "github"
      }
    },
    "iets": {
      "inputs": {
        "nixpkgs": [
          "nixpkgs"
        ],
        "treefmt-nix": [
          "treefmt-nix"
        ]
      },
      "locked": {
        "lastModified": 1776948947,
        "narHash": "sha256-+TSnwKGe56apEctXB1mjcEkINIDapkG9mlsQaawcZzs=",
        "ref": "refs/heads/main",
        "rev": "14e5051117df343eee9975005652d99a298e3e19",
        "revCount": 6281,
        "type": "git",
        "url": "ssh://git@github.com/jonasc-ant/iets"
      },
      "original": {
        "type": "git",
        "url": "ssh://git@github.com/jonasc-ant/iets"
      }
    },
    "iets_2": {
      "inputs": {
        "nixpkgs": [
          "nix-skills",
          "nixpkgs"
        ],
        "treefmt-nix": "treefmt-nix_2"
      },
      "locked": {
        "lastModified": 1776849776,
        "narHash": "sha256-AZkZOcysmUii7GoqZh+LAZXvFymeVlDh01XxI158/F0=",
        "ref": "refs/heads/main",
        "rev": "4ef29a0c8bd5cf2f22e8167ce8901ccf40b9bc5d",
        "revCount": 6045,
        "type": "git",
        "url": "ssh://git@github.com/jonasc-ant/iets"
      },
      "original": {
        "type": "git",
        "url": "ssh://git@github.com/jonasc-ant/iets"
      }
    },
    "import-tree": {
      "locked": {
        "lastModified": 1763762820,
        "narHash": "sha256-ZvYKbFib3AEwiNMLsejb/CWs/OL/srFQ8AogkebEPF0=",
        "owner": "vic",
        "repo": "import-tree",
        "rev": "3c23749d8013ec6daa1d7255057590e9ca726646",
        "type": "github"
      },
      "original": {
        "owner": "vic",
        "repo": "import-tree",
        "type": "github"
      }
    },
    "kin": {
      "inputs": {
        "iets": [
          "iets"
        ],
        "maille": "maille",
        "nix-skills": [
          "nix-skills"
        ],
        "nixpkgs": [
          "nixpkgs"
        ],
        "settle": "settle"
      },
      "locked": {
        "lastModified": 1776949478,
        "narHash": "sha256-Ia92yIeAPZ4wzLQhcR1EJCwQmOqzAp88/BRM2quFScw=",
        "ref": "refs/heads/main",
        "rev": "ba4514b9e453f51f96808c703c925b20ad144cf4",
        "revCount": 3991,
        "type": "git",
        "url": "ssh://git@github.com/assise/kin"
      },
      "original": {
        "type": "git",
        "url": "ssh://git@github.com/assise/kin"
      }
    },
    "llm-agents": {
      "inputs": {
        "blueprint": "blueprint",
        "bun2nix": "bun2nix",
        "flake-parts": "flake-parts",
        "nixpkgs": [
          "nixpkgs"
        ],
        "systems": "systems",
        "treefmt-nix": [
          "treefmt-nix"
        ]
      },
      "locked": {
        "lastModified": 1776939211,
        "narHash": "sha256-qKIQt25eKt51TJq8V/BlqJaBwUG5v3JU/WmmJw2YTEg=",
        "owner": "numtide",
        "repo": "llm-agents.nix",
        "rev": "c34d2134c626776efee4bf29c681203b9305c90c",
        "type": "github"
      },
      "original": {
        "owner": "numtide",
        "repo": "llm-agents.nix",
        "type": "github"
      }
    },
    "maille": {
      "inputs": {
        "iets": [
          "kin",
          "iets"
        ],
        "nixpkgs": [
          "kin",
          "nixpkgs"
        ],
        "rust-overlay": "rust-overlay"
      },
      "locked": {
        "lastModified": 1776876896,
        "narHash": "sha256-l7oS8vKNCMjKuJUZjIbY3GglhUZMJ+Yw6cXzctA0ZpY=",
        "ref": "refs/heads/main",
        "rev": "d431f5cd5b10c1be57e9461d331c862450d790e8",
        "revCount": 1626,
        "type": "git",
        "url": "ssh://git@github.com/assise/maille"
      },
      "original": {
        "type": "git",
        "url": "ssh://git@github.com/assise/maille"
      }
    },
    "nix-index-database": {
      "inputs": {
        "nixpkgs": [
          "nixpkgs"
        ]
      },
      "locked": {
        "lastModified": 1776829403,
        "narHash": "sha256-oHVcvP2Ahhj1KUsEzp+2BQF55/r5VSa3QxdPdwE1p00=",
        "owner": "Mic92",
        "repo": "nix-index-database",
        "rev": "c43246d4e9e506178b69baed075d797ec2d873e2",
        "type": "github"
      },
      "original": {
        "owner": "Mic92",
        "repo": "nix-index-database",
        "type": "github"
      }
    },
    "nix-skills": {
      "inputs": {
        "blueprint": [
          "llm-agents",
          "blueprint"
        ],
        "iets": "iets_2",
        "nixpkgs": [
          "nixpkgs"
        ]
      },
      "locked": {
        "lastModified": 1776926662,
        "narHash": "sha256-voOigGcYfcg5zHzBGFJzPS1w09+pCgJcZosmVaS6tEQ=",
        "ref": "refs/heads/main",
        "rev": "9fd5f177396214236839ca5d8e865266502f7911",
        "revCount": 350,
        "type": "git",
        "url": "ssh://git@github.com/assise/nix-skills"
      },
      "original": {
        "type": "git",
        "url": "ssh://git@github.com/assise/nix-skills"
      }
    },
    "nix-vm-test": {
      "inputs": {
        "nixpkgs": [
          "kin",
          "settle",
          "nixpkgs"
        ]
      },
      "locked": {
        "lastModified": 1776243694,
        "narHash": "sha256-bmPLrDLMb2QjGhWzDHvahyq4nuoSoYEMsgmo+qHiq1k=",
        "owner": "numtide",
        "repo": "nix-vm-test",
        "rev": "797184bcad6205f0360250298598de38cf781df0",
        "type": "github"
      },
      "original": {
        "owner": "numtide",
        "repo": "nix-vm-test",
        "type": "github"
      }
    },
    "nixos-hardware": {
      "locked": {
        "lastModified": 1776830795,
        "narHash": "sha256-PAfvLwuHc1VOvsLcpk6+HDKgMEibvZjCNvbM1BJOA7o=",
        "owner": "NixOS",
        "repo": "nixos-hardware",
        "rev": "72674a6b5599e844c045ae7449ba91f803d44ebc",
        "type": "github"
      },
      "original": {
        "owner": "NixOS",
        "repo": "nixos-hardware",
        "type": "github"
      }
    },
    "nixpkgs": {
      "locked": {
        "lastModified": 1776548001,
        "narHash": "sha256-ZSK0NL4a1BwVbbTBoSnWgbJy9HeZFXLYQizjb2DPF24=",
        "owner": "nixos",
        "repo": "nixpkgs",
        "rev": "b12141ef619e0a9c1c84dc8c684040326f27cdcc",
        "type": "github"
      },
      "original": {
        "owner": "nixos",
        "ref": "nixos-unstable",
        "repo": "nixpkgs",
        "type": "github"
      }
    },
    "nixvim": {
      "inputs": {
        "flake-parts": [
          "llm-agents",
          "flake-parts"
        ],
        "nixpkgs": [
          "nixpkgs"
        ],
        "systems": [
          "llm-agents",
          "systems"
        ]
      },
      "locked": {
        "lastModified": 1776830812,
        "narHash": "sha256-L2q0bpa6evlzE4IfIQ7JWqhTAuINggUSIxMmOAxUsCg=",
        "owner": "nix-community",
        "repo": "nixvim",
        "rev": "53aad7a9aaadaec21d740117ba0f0531b9a9b3cd",
        "type": "github"
      },
      "original": {
        "owner": "nix-community",
        "repo": "nixvim",
        "type": "github"
      }
    },
    "root": {
      "inputs": {
        "home-manager": "home-manager",
        "iets": "iets",
        "kin": "kin",
        "llm-agents": "llm-agents",
        "nix-index-database": "nix-index-database",
        "nix-skills": "nix-skills",
        "nixos-hardware": "nixos-hardware",
        "nixpkgs": "nixpkgs",
        "nixvim": "nixvim",
        "srvos": "srvos",
        "treefmt-nix": "treefmt-nix_3"
      }
    },
    "rust-overlay": {
      "inputs": {
        "nixpkgs": [
          "kin",
          "maille",
          "nixpkgs"
        ]
      },
      "locked": {
        "lastModified": 1776741231,
        "narHash": "sha256-k9G98qzn+7npROUaks8VqCFm7cFtEG8ulQLBBo5lItg=",
        "owner": "oxalica",
        "repo": "rust-overlay",
        "rev": "02061303f7c4c964f7b4584dabd9e985b4cd442b",
        "type": "github"
      },
      "original": {
        "owner": "oxalica",
        "repo": "rust-overlay",
        "type": "github"
      }
    },
    "settle": {
      "inputs": {
        "iets": [
          "kin",
          "iets"
        ],
        "nix-vm-test": "nix-vm-test",
        "nixpkgs": [
          "kin",
          "nixpkgs"
        ],
        "treefmt-nix": "treefmt-nix"
      },
      "locked": {
        "lastModified": 1776941502,
        "narHash": "sha256-9epb4SlqFgUMHb7A376X2PPC8LQISpBqFHFcu/GSjXE=",
        "ref": "refs/heads/main",
        "rev": "de9e8efec46e07eed327f071c7e71bd697045a71",
        "revCount": 557,
        "type": "git",
        "url": "ssh://git@github.com/assise/settle"
      },
      "original": {
        "type": "git",
        "url": "ssh://git@github.com/assise/settle"
      }
    },
    "srvos": {
      "inputs": {
        "nixpkgs": [
          "nixpkgs"
        ]
      },
      "locked": {
        "lastModified": 1776912132,
        "narHash": "sha256-UDR6PtHacMhAQJ8SPNbPROaxbtl2Pgjww0TzipTsTZE=",
        "owner": "numtide",
        "repo": "srvos",
        "rev": "e9ff039a72ff2c06271d5002eb431c443abf69fa",
        "type": "github"
      },
      "original": {
        "owner": "numtide",
        "repo": "srvos",
        "type": "github"
      }
    },
    "systems": {
      "locked": {
        "lastModified": 1681028828,
        "narHash": "sha256-Vy1rq5AaRuLzOxct8nz4T6wlgyUR7zLU309k9mBC768=",
        "owner": "nix-systems",
        "repo": "default",
        "rev": "da67096a3b9bf56a91d16901293e51ba5b49a27e",
        "type": "github"
      },
      "original": {
        "owner": "nix-systems",
        "repo": "default",
        "type": "github"
      }
    },
    "treefmt-nix": {
      "inputs": {
        "nixpkgs": [
          "kin",
          "settle",
          "nixpkgs"
        ]
      },
      "locked": {
        "lastModified": 1775636079,
        "narHash": "sha256-pc20NRoMdiar8oPQceQT47UUZMBTiMdUuWrYu2obUP0=",
        "owner": "numtide",
        "repo": "treefmt-nix",
        "rev": "790751ff7fd3801feeaf96d7dc416a8d581265ba",
        "type": "github"
      },
      "original": {
        "owner": "numtide",
        "repo": "treefmt-nix",
        "type": "github"
      }
    },
    "treefmt-nix_2": {
      "inputs": {
        "nixpkgs": [
          "nix-skills",
          "iets",
          "nixpkgs"
        ]
      },
      "locked": {
        "lastModified": 1775636079,
        "narHash": "sha256-pc20NRoMdiar8oPQceQT47UUZMBTiMdUuWrYu2obUP0=",
        "owner": "numtide",
        "repo": "treefmt-nix",
        "rev": "790751ff7fd3801feeaf96d7dc416a8d581265ba",
        "type": "github"
      },
      "original": {
        "owner": "numtide",
        "repo": "treefmt-nix",
        "type": "github"
      }
    },
    "treefmt-nix_3": {
      "inputs": {
        "nixpkgs": [
          "nixpkgs"
        ]
      },
      "locked": {
        "lastModified": 1775636079,
        "narHash": "sha256-pc20NRoMdiar8oPQceQT47UUZMBTiMdUuWrYu2obUP0=",
        "owner": "numtide",
        "repo": "treefmt-nix",
        "rev": "790751ff7fd3801feeaf96d7dc416a8d581265ba",
        "type": "github"
      },
      "original": {
        "owner": "numtide",
        "repo": "treefmt-nix",
        "type": "github"
      }
    }
  },
  "root": "root",
  "version": 7
}
