name: update-flake-lock
on:
  workflow_dispatch: # allows manual triggering
  schedule:
    - cron: '0 0 * * 0' # runs weekly on Sunday at 00:00

permissions:
  pull-requests: write
  contents: write

jobs:
  lockfile:
    runs-on: ubuntu-latest
    steps:
      - name: Checkout repository
        uses: actions/checkout@v2
      - name: Install Nix
        uses: DeterminateSystems/nix-installer-action@v1
      - name: Update flake.lock
        uses: DeterminateSystems/update-flake-lock@v3
      - name: Auto-merge PR
        run: gh pr merge --auto --merge "$PR_NUMBER"
        env:
          PR_NUMBER: ${{ steps.update.outputs.pull-request-number }}.
          GITHUB_TOKEN: ${{ secrets.GITHUB_TOKEN }}

